
Microsoft Visual Studio Solution File, Format Version 12.00
# Visual Studio Version 16
VisualStudioVersion = 16.0.30804.86
MinimumVisualStudioVersion = 10.0.40219.1
Project("{FAE04EC0-301F-11D3-BF4B-00C04F79EFBC}") = "IDScanNet.Faces.SDK.VideoSampleWPF", "IDScanNet.Faces.SDK.VideoSampleWPF\IDScanNet.Faces.SDK.VideoSampleWPF.csproj", "{01172D61-888C-47A1-ABB7-F7DCB6AC21D0}"
EndProject
Project("{FAE04EC0-301F-11D3-BF4B-00C04F79EFBC}") = "IDScanNet.Faces.SDK.ConsoleAppSample", "IDScanNet.Faces.SDK.ConsoleAppSample\IDScanNet.Faces.SDK.ConsoleAppSample.csproj", "{F25B51CD-15DA-47E4-87F0-9783E80CA6EF}"
EndProject
Global
	GlobalSection(SolutionConfigurationPlatforms) = preSolution
		Debug|Any CPU = Debug|Any CPU
		Release|Any CPU = Release|Any CPU
	EndGlobalSection
	GlobalSection(ProjectConfigurationPlatforms) = postSolution
		{01172D61-888C-47A1-ABB7-F7DCB6AC21D0}.Debug|Any CPU.ActiveCfg = Debug|Any CPU
		{01172D61-888C-47A1-ABB7-F7DCB6AC21D0}.Debug|Any CPU.Build.0 = Debug|Any CPU
		{01172D61-888C-47A1-ABB7-F7DCB6AC21D0}.Release|Any CPU.ActiveCfg = Release|Any CPU
		{01172D61-888C-47A1-ABB7-F7DCB6AC21D0}.Release|Any CPU.Build.0 = Release|Any CPU
		{F25B51CD-15DA-47E4-87F0-9783E80CA6EF}.Debug|Any CPU.ActiveCfg = Debug|Any CPU
		{F25B51CD-15DA-47E4-87F0-9783E80CA6EF}.Debug|Any CPU.Build.0 = Debug|Any CPU
		{F25B51CD-15DA-47E4-87F0-9783E80CA6EF}.Release|Any CPU.ActiveCfg = Release|Any CPU
		{F25B51CD-15DA-47E4-87F0-9783E80CA6EF}.Release|Any CPU.Build.0 = Release|Any CPU
	EndGlobalSection
	GlobalSection(SolutionProperties) = preSolution
		HideSolutionNode = FALSE
	EndGlobalSection
	GlobalSection(ExtensibilityGlobals) = postSolution
		SolutionGuid = {8768C71E-B688-4032-AE53-2F18DE10DDBD}
	EndGlobalSection
EndGlobal
